// !$*UTF8*$!
{
	archiveVersion = 1;
	classes = {
	};
	objectVersion = 56;
	objects = {

/* Begin PBXBuildFile section */
		83CBBA051A601CBA00E9B192 /* PoseAIApp.swift in Sources */ = {isa = PBXBuildFile; fileRef = 83CBB9FC1A601CBA00E9B192 /* PoseAIApp.swift */; };
		83CBBA061A601CBA00E9B192 /* ContentView.swift in Sources */ = {isa = PBXBuildFile; fileRef = 83CBB9FD1A601CBA00E9B192 /* ContentView.swift */; };
		83CBBA071A601CBA00E9B192 /* Models.swift in Sources */ = {isa = PBXBuildFile; fileRef = 83CBB9FE1A601CBA00E9B192 /* Models.swift */; };
		83CBBA081A601CBA00E9B192 /* PoseMatcher.swift in Sources */ = {isa = PBXBuildFile; fileRef = 83CBB9FF1A601CBA00E9B192 /* PoseMatcher.swift */; };
		83CBBA091A601CBA00E9B192 /* VisionService.swift in Sources */ = {isa = PBXBuildFile; fileRef = 83CBBA001A601CBA00E9B192 /* VisionService.swift */; };
				AA000002AA000002AA000002 /* OnboardingView.swift in Sources */ = {isa = PBXBuildFile; fileRef = AA000001AA000001AA000001 /* OnboardingView.swift */; };
		83CBBA0A1A601CBA00E9B192 /* CameraManager.swift in Sources */ = {isa = PBXBuildFile; fileRef = 83CBBA011A601CBA00E9B192 /* CameraManager.swift */; };
		83CBBA0B1A601CBA00E9B192 /* Assets.xcassets in Resources */ = {isa = PBXBuildFile; fileRef = 83CBBA031A601CBA00E9B192 /* Assets.xcassets */; };
		A07818972F87A2A7009E8FD0 /* MobileNetV2.mlmodel in Sources */ = {isa = PBXBuildFile; fileRef = A07818962F87A2A7009E8FD0 /* MobileNetV2.mlmodel */; };
		DA12345678901234567890BB /* Poses.json in Resources */ = {isa = PBXBuildFile; fileRef = DA12345678901234567890AA /* Poses.json */; };
/* End PBXBuildFile section */

/* Begin PBXFileReference section */
		83CBB9FC1A601CBA00E9B192 /* PoseAIApp.swift */ = {isa = PBXFileReference; lastKnownFileType = sourcecode.swift; path = PoseAIApp.swift; sourceTree = "<group>"; };
		83CBB9FD1A601CBA00E9B192 /* ContentView.swift */ = {isa = PBXFileReference; lastKnownFileType = sourcecode.swift; path = ContentView.swift; sourceTree = "<group>"; };
		83CBB9FE1A601CBA00E9B192 /* Models.swift */ = {isa = PBXFileReference; lastKnownFileType = sourcecode.swift; path = Models.swift; sourceTree = "<group>"; };
		83CBB9FF1A601CBA00E9B192 /* PoseMatcher.swift */ = {isa = PBXFileReference; lastKnownFileType = sourcecode.swift; path = PoseMatcher.swift; sourceTree = "<group>"; };
		83CBBA001A601CBA00E9B192 /* VisionService.swift */ = {isa = PBXFileReference; lastKnownFileType = sourcecode.swift; path = VisionService.swift; sourceTree = "<group>"; };
				AA000001AA000001AA000001 /* OnboardingView.swift */ = {isa = PBXFileReference; lastKnownFileType = sourcecode.swift; path = OnboardingView.swift; sourceTree = "<group>"; };
		83CBBA011A601CBA00E9B192 /* CameraManager.swift */ = {isa = PBXFileReference; lastKnownFileType = sourcecode.swift; path = CameraManager.swift; sourceTree = "<group>"; };
		83CBBA021A601CBA00E9B192 /* Info.plist */ = {isa = PBXFileReference; lastKnownFileType = text.plist.xml; path = Info.plist; sourceTree = "<group>"; };
		83CBBA031A601CBA00E9B192 /* Assets.xcassets */ = {isa = PBXFileReference; lastKnownFileType = folder.assetcatalog; path = Assets.xcassets; sourceTree = "<group>"; };
		83CBBA041A601CBA00E9B192 /* PoseAI.app */ = {isa = PBXFileReference; explicitFileType = wrapper.application; includeInIndex = 0; path = PoseAI.app; sourceTree = BUILT_PRODUCTS_DIR; };
		A07818962F87A2A7009E8FD0 /* MobileNetV2.mlmodel */ = {isa = PBXFileReference; lastKnownFileType = file.mlmodel; path = MobileNetV2.mlmodel; sourceTree = "<group>"; };
		DA12345678901234567890AA /* Poses.json */ = {isa = PBXFileReference; lastKnownFileType = text.json; path = Poses.json; sourceTree = "<group>"; };
/* End PBXFileReference section */

/* Begin PBXFrameworksBuildPhase section */
		83CBBA0D1A601CBA00E9B192 /* Frameworks */ = {
			isa = PBXFrameworksBuildPhase;
			buildActionMask = 2147483647;
			files = (
			);
			runOnlyForDeploymentPostprocessing = 0;
		};
/* End PBXFrameworksBuildPhase section */

/* Begin PBXGroup section */
		83CBB9F51A601CBA00E9B192 = {
			isa = PBXGroup;
			children = (
				83CBB9F91A601CBA00E9B192 /* PoseAI */,
				83CBBA0E1A601CBA00E9B192 /* Products */,
			);
			sourceTree = "<group>";
		};
		83CBB9F91A601CBA00E9B192 /* PoseAI */ = {
			isa = PBXGroup;
			children = (
				83CBB9FC1A601CBA00E9B192 /* PoseAIApp.swift */,
				83CBB9FD1A601CBA00E9B192 /* ContentView.swift */,
				83CBB9FE1A601CBA00E9B192 /* Models.swift */,
				83CBB9FF1A601CBA00E9B192 /* PoseMatcher.swift */,
				83CBBA001A601CBA00E9B192 /* VisionService.swift */,
				83CBBA011A601CBA00E9B192 /* CameraManager.swift */,
				AA000001AA000001AA000001 /* OnboardingView.swift */,
				83CBBA021A601CBA00E9B192 /* Info.plist */,
				DA12345678901234567890AA /* Poses.json */,
				83CBBA031A601CBA00E9B192 /* Assets.xcassets */,
				A07818962F87A2A7009E8FD0 /* MobileNetV2.mlmodel */,
			);
			path = PoseAI;
			sourceTree = "<group>";
		};
		83CBBA0E1A601CBA00E9B192 /* Products */ = {
			isa = PBXGroup;
			children = (
				83CBBA041A601CBA00E9B192 /* PoseAI.app */,
			);
			name = Products;
			sourceTree = "<group>";
		};
/* End PBXGroup section */

/* Begin PBXNativeTarget section */
		83CBBA101A601CBA00E9B192 /* PoseAI */ = {
			isa = PBXNativeTarget;
			buildConfigurationList = 83CBBA151A601CBA00E9B192 /* Build configuration list for PBXNativeTarget "PoseAI" */;
			buildPhases = (
				83CBBA0C1A601CBA00E9B192 /* Sources */,
				83CBBA0D1A601CBA00E9B192 /* Frameworks */,
				83CBBA0F1A601CBA00E9B192 /* Resources */,
			);
			buildRules = (
			);
			dependencies = (
			);
			name = PoseAI;
			productName = PoseAI;
			productReference = 83CBBA041A601CBA00E9B192 /* PoseAI.app */;
			productType = "com.apple.product-type.application";
		};
/* End PBXNativeTarget section */

/* Begin PBXProject section */
		83CBB9F71A601CBA00E9B192 /* Project object */ = {
			isa = PBXProject;
			attributes = {
				BuildIndependentTargetsInParallel = 1;
				LastSwiftUpdateCheck = 1500;
				LastUpgradeCheck = 1500;
				TargetAttributes = {
					83CBBA101A601CBA00E9B192 = {
						CreatedOnToolsVersion = 15.0;
					};
				};
			};
			buildConfigurationList = 83CBBA161A601CBA00E9B192 /* Build configuration list for PBXProject "PoseAI" */;
			compatibilityVersion = "Xcode 14.0";
			developmentRegion = "zh-Hans";
			hasScannedForEncodings = 0;
			knownRegions = (
				"zh-Hans",
				en,
				Base,
			);
			mainGroup = 83CBB9F51A601CBA00E9B192;
			productRefGroup = 83CBBA0E1A601CBA00E9B192 /* Products */;
			projectDirPath = "";
			projectRoot = "";
			targets = (
				83CBBA101A601CBA00E9B192 /* PoseAI */,
			);
		};
/* End PBXProject section */

/* Begin PBXResourcesBuildPhase section */
		83CBBA0F1A601CBA00E9B192 /* Resources */ = {
			isa = PBXResourcesBuildPhase;
			buildActionMask = 2147483647;
			files = (
				83CBBA0B1A601CBA00E9B192 /* Assets.xcassets in Resources */,
				DA12345678901234567890BB /* Poses.json in Resources */,
			);
			runOnlyForDeploymentPostprocessing = 0;
		};
/* End PBXResourcesBuildPhase section */

/* Begin PBXSourcesBuildPhase section */
		83CBBA0C1A601CBA00E9B192 /* Sources */ = {
			isa = PBXSourcesBuildPhase;
			buildActionMask = 2147483647;
			files = (
				A07818972F87A2A7009E8FD0 /* MobileNetV2.mlmodel in Sources */,
				83CBBA051A601CBA00E9B192 /* PoseAIApp.swift in Sources */,
				83CBBA061A601CBA00E9B192 /* ContentView.swift in Sources */,
				83CBBA071A601CBA00E9B192 /* Models.swift in Sources */,
				83CBBA081A601CBA00E9B192 /* PoseMatcher.swift in Sources */,
				83CBBA091A601CBA00E9B192 /* VisionService.swift in Sources */,
				83CBBA0A1A601CBA00E9B192 /* CameraManager.swift in Sources */,
				AA000002AA000002AA000002 /* OnboardingView.swift in Sources */,
			);
			runOnlyForDeploymentPostprocessing = 0;
		};
/* End PBXSourcesBuildPhase section */

/* Begin XCBuildConfiguration section */
		83CBBA111A601CBA00E9B192 /* Debug */ = {
			isa = XCBuildConfiguration;
			buildSettings = {
				ASSETCATALOG_COMPILER_APPICON_NAME = AppIcon;
				ASSETCATALOG_COMPILER_GLOBAL_ACCENT_COLOR_NAME = AccentColor;
				CODE_SIGN_STYLE = Automatic;
				CURRENT_PROJECT_VERSION = 1;
				DEVELOPMENT_ASSET_PATHS = "";
				DEVELOPMENT_TEAM = XM279KL5F2;
				ENABLE_PREVIEWS = YES;
				GENERATE_INFOPLIST_FILE = NO;
				INFOPLIST_FILE = PoseAI/Info.plist;
				IPHONEOS_DEPLOYMENT_TARGET = 16.0;
				MARKETING_VERSION = 1.0;
				PRODUCT_BUNDLE_IDENTIFIER = com.lucas.poseai.studio1;
				PRODUCT_NAME = "$(TARGET_NAME)";
				SWIFT_EMIT_LOC_STRINGS = YES;
				SWIFT_VERSION = 5.0;
				TARGETED_DEVICE_FAMILY = 1;
			};
			name = Debug;
		};
		83CBBA121A601CBA00E9B192 /* Release */ = {
			isa = XCBuildConfiguration;
			buildSettings = {
				ASSETCATALOG_COMPILER_APPICON_NAME = AppIcon;
				ASSETCATALOG_COMPILER_GLOBAL_ACCENT_COLOR_NAME = AccentColor;
				CODE_SIGN_STYLE = Automatic;
				CURRENT_PROJECT_VERSION = 1;
				DEVELOPMENT_ASSET_PATHS = "";
				DEVELOPMENT_TEAM = XM279KL5F2;
				ENABLE_PREVIEWS = YES;
				GENERATE_INFOPLIST_FILE = NO;
				INFOPLIST_FILE = PoseAI/Info.plist;
				IPHONEOS_DEPLOYMENT_TARGET = 16.0;
				MARKETING_VERSION = 1.0;
				PRODUCT_BUNDLE_IDENTIFIER = com.lucas.poseai.studio1;
				PRODUCT_NAME = "$(TARGET_NAME)";
				SWIFT_EMIT_LOC_STRINGS = YES;
				SWIFT_VERSION = 5.0;
				TARGETED_DEVICE_FAMILY = 1;
			};
			name = Release;
		};
		83CBBA131A601CBA00E9B192 /* Debug */ = {
			isa = XCBuildConfiguration;
			buildSettings = {
				ALWAYS_SEARCH_USER_PATHS = NO;
				CLANG_ANALYZER_NONNULL = YES;
				CLANG_ANALYZER_NUMBER_OBJECT_CONVERSION = YES_AGGRESSIVE;
				CLANG_CXX_LANGUAGE_STANDARD = "gnu++20";
				CLANG_ENABLE_MODULES = YES;
				CLANG_ENABLE_OBJC_ARC = YES;
				CLANG_ENABLE_OBJC_WEAK = YES;
				CLANG_WARN_BLOCK_CAPTURE_AUTORELEASING = YES;
				CLANG_WARN_BOOL_CONVERSION = YES;
				CLANG_WARN_COMMA = YES;
				CLANG_WARN_CONSTANT_CONVERSION = YES;
				CLANG_WARN_DEPRECATED_OBJC_IMPLEMENTATIONS = YES;
				CLANG_WARN_DIRECT_OBJC_ISA_USAGE = YES_ERROR;
				CLANG_WARN_DOCUMENTATION_COMMENTS = YES;
				CLANG_WARN_EMPTY_BODY = YES;
				CLANG_WARN_ENUM_CONVERSION = YES;
				CLANG_WARN_INFINITE_RECURSION = YES;
				CLANG_WARN_INT_CONVERSION = YES;
				CLANG_WARN_NON_LITERAL_NULL_CONVERSION = YES;
				CLANG_WARN_OBJC_IMPLICIT_RETAIN_SELF = YES;
				CLANG_WARN_OBJC_LITERAL_CONVERSION = YES;
				CLANG_WARN_OBJC_ROOT_CLASS = YES_ERROR;
				CLANG_WARN_QUOTED_INCLUDE_IN_FRAMEWORK_HEADER = YES;
				CLANG_WARN_RANGE_LOOP_ANALYSIS = YES;
				CLANG_WARN_STRICT_PROTOTYPES = YES;
				CLANG_WARN_SUSPICIOUS_MOVE = YES;
				CLANG_WARN_UNGUARDED_AVAILABILITY = YES_AGGRESSIVE;
				CLANG_WARN_UNREACHABLE_CODE = YES;
				CLANG_WARN__DUPLICATE_METHOD_MATCH = YES;
				COPY_PHASE_STRIP = NO;
				DEBUG_INFORMATION_FORMAT = dwarf;
				ENABLE_STRICT_OBJC_MSGSEND = YES;
				ENABLE_TESTABILITY = YES;
				GCC_C_LANGUAGE_STANDARD = gnu11;
				GCC_DYNAMIC_NO_PIC = NO;
				GCC_NO_COMMON_BLOCKS = YES;
				GCC_OPTIMIZATION_LEVEL = 0;
				GCC_PREPROCESSOR_DEFINITIONS = (
					"DEBUG=1",
					"$(inherited)",
				);
				GCC_WARN_64_TO_32_BIT_CONVERSION = YES;
				GCC_WARN_ABOUT_RETURN_TYPE = YES_ERROR;
				GCC_WARN_UNDECLARED_SELECTOR = YES;
				GCC_WARN_UNINITIALIZED_AUTOS = YES_AGGRESSIVE;
				GCC_WARN_UNUSED_FUNCTION = YES;
				GCC_WARN_UNUSED_VARIABLE = YES;
				IPHONEOS_DEPLOYMENT_TARGET = 16.0;
				MTL_ENABLE_DEBUG_INFO = INCLUDE_SOURCE;
				MTL_FAST_MATH = YES;
				ONLY_ACTIVE_ARCH = YES;
				SDKROOT = iphoneos;
				SWIFT_ACTIVE_COMPILATION_CONDITIONS = DEBUG;
				SWIFT_OPTIMIZATION_LEVEL = "-Onone";
			};
			name = Debug;
		};
		83CBBA141A601CBA00E9B192 /* Release */ = {
			isa = XCBuildConfiguration;
			buildSettings = {
				ALWAYS_SEARCH_USER_PATHS = NO;
				CLANG_ANALYZER_NONNULL = YES;
				CLANG_ANALYZER_NUMBER_OBJECT_CONVERSION = YES_AGGRESSIVE;
				CLANG_CXX_LANGUAGE_STANDARD = "gnu++20";
				CLANG_ENABLE_MODULES = YES;
				CLANG_ENABLE_OBJC_ARC = YES;
				CLANG_ENABLE_OBJC_WEAK = YES;
				CLANG_WARN_BLOCK_CAPTURE_AUTORELEASING = YES;
				CLANG_WARN_BOOL_CONVERSION = YES;
				CLANG_WARN_COMMA = YES;
				CLANG_WARN_CONSTANT_CONVERSION = YES;
				CLANG_WARN_DEPRECATED_OBJC_IMPLEMENTATIONS = YES;
				CLANG_WARN_DIRECT_OBJC_ISA_USAGE = YES_ERROR;
				CLANG_WARN_DOCUMENTATION_COMMENTS = YES;
				CLANG_WARN_EMPTY_BODY = YES;
				CLANG_WARN_ENUM_CONVERSION = YES;
				CLANG_WARN_INFINITE_RECURSION = YES;
				CLANG_WARN_INT_CONVERSION = YES;
				CLANG_WARN_NON_LITERAL_NULL_CONVERSION = YES;
				CLANG_WARN_OBJC_IMPLICIT_RETAIN_SELF = YES;
				CLANG_WARN_OBJC_LITERAL_CONVERSION = YES;
				CLANG_WARN_OBJC_ROOT_CLASS = YES_ERROR;
				CLANG_WARN_QUOTED_INCLUDE_IN_FRAMEWORK_HEADER = YES;
				CLANG_WARN_RANGE_LOOP_ANALYSIS = YES;
				CLANG_WARN_STRICT_PROTOTYPES = YES;
				CLANG_WARN_SUSPICIOUS_MOVE = YES;
				CLANG_WARN_UNGUARDED_AVAILABILITY = YES_AGGRESSIVE;
				CLANG_WARN_UNREACHABLE_CODE = YES;
				CLANG_WARN__DUPLICATE_METHOD_MATCH = YES;
				COPY_PHASE_STRIP = NO;
				DEBUG_INFORMATION_FORMAT = "dwarf-with-dsym";
				ENABLE_NS_ASSERTIONS = NO;
				ENABLE_STRICT_OBJC_MSGSEND = YES;
				GCC_C_LANGUAGE_STANDARD = gnu11;
				GCC_NO_COMMON_BLOCKS = YES;
				GCC_WARN_64_TO_32_BIT_CONVERSION = YES;
				GCC_WARN_ABOUT_RETURN_TYPE = YES_ERROR;
				GCC_WARN_UNDECLARED_SELECTOR = YES;
				GCC_WARN_UNINITIALIZED_AUTOS = YES_AGGRESSIVE;
				GCC_WARN_UNUSED_FUNCTION = YES;
				GCC_WARN_UNUSED_VARIABLE = YES;
				IPHONEOS_DEPLOYMENT_TARGET = 16.0;
				MTL_FAST_MATH = YES;
				SDKROOT = iphoneos;
				SWIFT_COMPILATION_MODE = wholemodule;
				SWIFT_OPTIMIZATION_LEVEL = "-O";
				VALIDATE_PRODUCT = YES;
			};
			name = Release;
		};
/* End XCBuildConfiguration section */

/* Begin XCConfigurationList section */
		83CBBA151A601CBA00E9B192 /* Build configuration list for PBXNativeTarget "PoseAI" */ = {
			isa = XCConfigurationList;
			buildConfigurations = (
				83CBBA111A601CBA00E9B192 /* Debug */,
				83CBBA121A601CBA00E9B192 /* Release */,
			);
			defaultConfigurationIsVisible = 0;
			defaultConfigurationName = Release;
		};
		83CBBA161A601CBA00E9B192 /* Build configuration list for PBXProject "PoseAI" */ = {
			isa = XCConfigurationList;
			buildConfigurations = (
				83CBBA131A601CBA00E9B192 /* Debug */,
				83CBBA141A601CBA00E9B192 /* Release */,
			);
			defaultConfigurationIsVisible = 0;
			defaultConfigurationName = Release;
		};
/* End XCConfigurationList section */
	};
	rootObject = 83CBB9F71A601CBA00E9B192 /* Project object */;
}
